// !$*UTF8*$!
{
	archiveVersion = 1;
	classes = {
	};
	objectVersion = 56;
	objects = {

/* Begin PBXBuildFile section */
		C802D52D8EA5A84DBF3AE79F /* App.swift in Sources */ = {isa = PBXBuildFile; fileRef = 1C9F4C4CE2566233348FB258 /* App.swift */; };
		97948CF7D77A7DC07ACE1492 /* AppModel.swift in Sources */ = {isa = PBXBuildFile; fileRef = 643189710E29185BEA655CE6 /* AppModel.swift */; };
		CAEE737DAF1A13861BD61168 /* Diagnostics.swift in Sources */ = {isa = PBXBuildFile; fileRef = 92465AAB9906E55018BF6198 /* Diagnostics.swift */; };
		5E295999FD756144778551F3 /* HotKey.swift in Sources */ = {isa = PBXBuildFile; fileRef = 241072A539C3E4B631F6A0F1 /* HotKey.swift */; };
		18A1C989068A3A52F24517D7 /* SingleInstance.swift in Sources */ = {isa = PBXBuildFile; fileRef = 521A83DD7D9A5A6339DCED00 /* SingleInstance.swift */; };
		DC91F14437424DE5FE635466 /* ActivityView.swift in Sources */ = {isa = PBXBuildFile; fileRef = 3F1A996E6875B22F41B89B31 /* ActivityView.swift */; };
		70FE066782C99181709A72CD /* AppPickerView.swift in Sources */ = {isa = PBXBuildFile; fileRef = B306CD6B87F2D79DF756B8BA /* AppPickerView.swift */; };
		A0C847DA118095C5CEC5ABFA /* DevicesView.swift in Sources */ = {isa = PBXBuildFile; fileRef = D7478E2B6900CAD79025AD42 /* DevicesView.swift */; };
		BF35D7020BBA15439D785E46 /* InputPickerView.swift in Sources */ = {isa = PBXBuildFile; fileRef = F4C962574B0B28B94B3178DE /* InputPickerView.swift */; };
		42359FE7AD67540C65FE1F7C /* MainWindowView.swift in Sources */ = {isa = PBXBuildFile; fileRef = E1BD0346218FC7464E9A2C45 /* MainWindowView.swift */; };
		1AF783991E740015CC6335EB /* MenuBarView.swift in Sources */ = {isa = PBXBuildFile; fileRef = 26BA088B37BE9E37ABB6D400 /* MenuBarView.swift */; };
		0C701963AF3FBE8D7E4C9CAC /* RemoteView.swift in Sources */ = {isa = PBXBuildFile; fileRef = E0632056FF39290A0E4E48C7 /* RemoteView.swift */; };
		CEF6651C630F25C48660C7B7 /* RouteEditorView.swift in Sources */ = {isa = PBXBuildFile; fileRef = 1AF902A46050FFC887CDD7EA /* RouteEditorView.swift */; };
		36BCD0E76DB9A6F4DBA0252C /* RoutesView.swift in Sources */ = {isa = PBXBuildFile; fileRef = F8C40699BD1D4780E16863AA /* RoutesView.swift */; };
		896D7E2FB40CAE65D0CBB8DE /* AppIcon.icns in Resources */ = {isa = PBXBuildFile; fileRef = E9EE1A3E416BC5034989FE0F /* AppIcon.icns */; };
		06A686D82BFC4FF476786C7D /* AudioSplitEngine in Frameworks */ = {isa = PBXBuildFile; productRef = 0A68B296E55D87A3A50EE6C9 /* AudioSplitEngine */; };
		F1C20381130C163A4297A73A /* RemoteApp.swift in Sources */ = {isa = PBXBuildFile; fileRef = BA0966DDD15190C512ED8302 /* RemoteApp.swift */; };
		287F72FB80FD0DEE5CDB3945 /* RemoteDevicesView.swift in Sources */ = {isa = PBXBuildFile; fileRef = 10FD7143F41B1B5F714F84AD /* RemoteDevicesView.swift */; };
		BC5310EF5C061CB0015D18E3 /* RemoteModel.swift in Sources */ = {isa = PBXBuildFile; fileRef = 25292274A4270A4503E6DE96 /* RemoteModel.swift */; };
		E3620319E0FFE4CEDAC667B3 /* RemoteRootView.swift in Sources */ = {isa = PBXBuildFile; fileRef = 5290594A358DF719CE953E2D /* RemoteRootView.swift */; };
		C7FD0425A4C4D1235FA8D76F /* RemoteRoutesView.swift in Sources */ = {isa = PBXBuildFile; fileRef = 8B13D8DAE90FC684CDE95DF0 /* RemoteRoutesView.swift */; };
		C71E5F16631000B605E68099 /* AudioSplitShared in Frameworks */ = {isa = PBXBuildFile; productRef = 7FA224943733D4BDC02AFD06 /* AudioSplitShared */; };
/* End PBXBuildFile section */

/* Begin PBXFileReference section */
		1C9F4C4CE2566233348FB258 /* App.swift */ = {isa = PBXFileReference; lastKnownFileType = sourcecode.swift; name = "App.swift"; path = "Sources/AudioSplitApp/App.swift"; sourceTree = "<group>"; };
		643189710E29185BEA655CE6 /* AppModel.swift */ = {isa = PBXFileReference; lastKnownFileType = sourcecode.swift; name = "AppModel.swift"; path = "Sources/AudioSplitApp/AppModel.swift"; sourceTree = "<group>"; };
		92465AAB9906E55018BF6198 /* Diagnostics.swift */ = {isa = PBXFileReference; lastKnownFileType = sourcecode.swift; name = "Diagnostics.swift"; path = "Sources/AudioSplitApp/Diagnostics.swift"; sourceTree = "<group>"; };
		241072A539C3E4B631F6A0F1 /* HotKey.swift */ = {isa = PBXFileReference; lastKnownFileType = sourcecode.swift; name = "HotKey.swift"; path = "Sources/AudioSplitApp/HotKey.swift"; sourceTree = "<group>"; };
		521A83DD7D9A5A6339DCED00 /* SingleInstance.swift */ = {isa = PBXFileReference; lastKnownFileType = sourcecode.swift; name = "SingleInstance.swift"; path = "Sources/AudioSplitApp/SingleInstance.swift"; sourceTree = "<group>"; };
		3F1A996E6875B22F41B89B31 /* ActivityView.swift */ = {isa = PBXFileReference; lastKnownFileType = sourcecode.swift; name = "ActivityView.swift"; path = "Sources/AudioSplitApp/UI/ActivityView.swift"; sourceTree = "<group>"; };
		B306CD6B87F2D79DF756B8BA /* AppPickerView.swift */ = {isa = PBXFileReference; lastKnownFileType = sourcecode.swift; name = "AppPickerView.swift"; path = "Sources/AudioSplitApp/UI/AppPickerView.swift"; sourceTree = "<group>"; };
		D7478E2B6900CAD79025AD42 /* DevicesView.swift */ = {isa = PBXFileReference; lastKnownFileType = sourcecode.swift; name = "DevicesView.swift"; path = "Sources/AudioSplitApp/UI/DevicesView.swift"; sourceTree = "<group>"; };
		F4C962574B0B28B94B3178DE /* InputPickerView.swift */ = {isa = PBXFileReference; lastKnownFileType = sourcecode.swift; name = "InputPickerView.swift"; path = "Sources/AudioSplitApp/UI/InputPickerView.swift"; sourceTree = "<group>"; };
		E1BD0346218FC7464E9A2C45 /* MainWindowView.swift */ = {isa = PBXFileReference; lastKnownFileType = sourcecode.swift; name = "MainWindowView.swift"; path = "Sources/AudioSplitApp/UI/MainWindowView.swift"; sourceTree = "<group>"; };
		26BA088B37BE9E37ABB6D400 /* MenuBarView.swift */ = {isa = PBXFileReference; lastKnownFileType = sourcecode.swift; name = "MenuBarView.swift"; path = "Sources/AudioSplitApp/UI/MenuBarView.swift"; sourceTree = "<group>"; };
		E0632056FF39290A0E4E48C7 /* RemoteView.swift */ = {isa = PBXFileReference; lastKnownFileType = sourcecode.swift; name = "RemoteView.swift"; path = "Sources/AudioSplitApp/UI/RemoteView.swift"; sourceTree = "<group>"; };
		1AF902A46050FFC887CDD7EA /* RouteEditorView.swift */ = {isa = PBXFileReference; lastKnownFileType = sourcecode.swift; name = "RouteEditorView.swift"; path = "Sources/AudioSplitApp/UI/RouteEditorView.swift"; sourceTree = "<group>"; };
		F8C40699BD1D4780E16863AA /* RoutesView.swift */ = {isa = PBXFileReference; lastKnownFileType = sourcecode.swift; name = "RoutesView.swift"; path = "Sources/AudioSplitApp/UI/RoutesView.swift"; sourceTree = "<group>"; };
		045F3F520D9DBAAE6D695C54 /* Info.plist */ = {isa = PBXFileReference; lastKnownFileType = text.plist.xml; name = "Info.plist"; path = "Sources/AudioSplitApp/Info.plist"; sourceTree = "<group>"; };
		E9EE1A3E416BC5034989FE0F /* AppIcon.icns */ = {isa = PBXFileReference; lastKnownFileType = image.icns; name = "AppIcon.icns"; path = "Resources/AppIcon.icns"; sourceTree = "<group>"; };
		B258B444D1A0119172323780 /* AudioSplit.app */ = {isa = PBXFileReference; explicitFileType = wrapper.application; includeInIndex = 0; path = AudioSplit.app; sourceTree = BUILT_PRODUCTS_DIR; };
		BA0966DDD15190C512ED8302 /* RemoteApp.swift */ = {isa = PBXFileReference; lastKnownFileType = sourcecode.swift; name = "RemoteApp.swift"; path = "Sources/AudioSplitRemote/RemoteApp.swift"; sourceTree = "<group>"; };
		10FD7143F41B1B5F714F84AD /* RemoteDevicesView.swift */ = {isa = PBXFileReference; lastKnownFileType = sourcecode.swift; name = "RemoteDevicesView.swift"; path = "Sources/AudioSplitRemote/RemoteDevicesView.swift"; sourceTree = "<group>"; };
		25292274A4270A4503E6DE96 /* RemoteModel.swift */ = {isa = PBXFileReference; lastKnownFileType = sourcecode.swift; name = "RemoteModel.swift"; path = "Sources/AudioSplitRemote/RemoteModel.swift"; sourceTree = "<group>"; };
		5290594A358DF719CE953E2D /* RemoteRootView.swift */ = {isa = PBXFileReference; lastKnownFileType = sourcecode.swift; name = "RemoteRootView.swift"; path = "Sources/AudioSplitRemote/RemoteRootView.swift"; sourceTree = "<group>"; };
		8B13D8DAE90FC684CDE95DF0 /* RemoteRoutesView.swift */ = {isa = PBXFileReference; lastKnownFileType = sourcecode.swift; name = "RemoteRoutesView.swift"; path = "Sources/AudioSplitRemote/RemoteRoutesView.swift"; sourceTree = "<group>"; };
		0ECFBD9B9B7B221DBE0C60F0 /* Info.plist */ = {isa = PBXFileReference; lastKnownFileType = text.plist.xml; name = "Info.plist"; path = "Sources/AudioSplitRemote/Info.plist"; sourceTree = "<group>"; };
		719BA3434CDDC875C80CACA0 /* AudioSplitRemote.app */ = {isa = PBXFileReference; explicitFileType = wrapper.application; includeInIndex = 0; path = AudioSplitRemote.app; sourceTree = BUILT_PRODUCTS_DIR; };
/* End PBXFileReference section */

/* Begin PBXFrameworksBuildPhase section */
/* End PBXFrameworksBuildPhase section */

/* Begin PBXGroup section */
		32628CB49D057DF625771E8E /* AudioSplit */ = {
			isa = PBXGroup;
			children = (
				1C9F4C4CE2566233348FB258 /* App.swift */,
				643189710E29185BEA655CE6 /* AppModel.swift */,
				92465AAB9906E55018BF6198 /* Diagnostics.swift */,
				241072A539C3E4B631F6A0F1 /* HotKey.swift */,
				521A83DD7D9A5A6339DCED00 /* SingleInstance.swift */,
				3F1A996E6875B22F41B89B31 /* ActivityView.swift */,
				B306CD6B87F2D79DF756B8BA /* AppPickerView.swift */,
				D7478E2B6900CAD79025AD42 /* DevicesView.swift */,
				F4C962574B0B28B94B3178DE /* InputPickerView.swift */,
				E1BD0346218FC7464E9A2C45 /* MainWindowView.swift */,
				26BA088B37BE9E37ABB6D400 /* MenuBarView.swift */,
				E0632056FF39290A0E4E48C7 /* RemoteView.swift */,
				1AF902A46050FFC887CDD7EA /* RouteEditorView.swift */,
				F8C40699BD1D4780E16863AA /* RoutesView.swift */,
				045F3F520D9DBAAE6D695C54 /* Info.plist */,
				E9EE1A3E416BC5034989FE0F /* AppIcon.icns */,
			);
			name = AudioSplit;
			sourceTree = "<group>";
		};
		AE5F5E2EA6A21FCB15483DD1 /* AudioSplitRemote */ = {
			isa = PBXGroup;
			children = (
				BA0966DDD15190C512ED8302 /* RemoteApp.swift */,
				10FD7143F41B1B5F714F84AD /* RemoteDevicesView.swift */,
				25292274A4270A4503E6DE96 /* RemoteModel.swift */,
				5290594A358DF719CE953E2D /* RemoteRootView.swift */,
				8B13D8DAE90FC684CDE95DF0 /* RemoteRoutesView.swift */,
				0ECFBD9B9B7B221DBE0C60F0 /* Info.plist */,
			);
			name = AudioSplitRemote;
			sourceTree = "<group>";
		};
		1190A5D32F01D0D71382B7C3 /* Products */ = {
			isa = PBXGroup;
			children = (
				B258B444D1A0119172323780 /* AudioSplit.app */,
				719BA3434CDDC875C80CACA0 /* AudioSplitRemote.app */,
			);
			name = Products;
			sourceTree = "<group>";
		};
		748B651F9CC61D1D6BD106B4 = {
			isa = PBXGroup;
			children = (
				32628CB49D057DF625771E8E /* AudioSplit */,
				AE5F5E2EA6A21FCB15483DD1 /* AudioSplitRemote */,
				1190A5D32F01D0D71382B7C3 /* Products */,
			);
			sourceTree = "<group>";
		};
/* End PBXGroup section */

/* Begin PBXNativeTarget section */
		796431F2D32768B47E2BECB6 /* AudioSplit */ = {
			isa = PBXNativeTarget;
			buildConfigurationList = 331941B833229BBABBBADF48 /* Build configuration list for PBXNativeTarget "AudioSplit" */;
			buildPhases = (
				135AAE071380C90BB4FB7242 /* Sources */,
				BF9CCA977AAACD802E390EFA /* Frameworks */,
				0144757AB3AD63488C329832 /* Resources */,
			);
			buildRules = (
			);
			dependencies = (
			);
			name = AudioSplit;
			packageProductDependencies = (
				0A68B296E55D87A3A50EE6C9 /* AudioSplitEngine */,
			);
			productName = AudioSplit;
			productReference = B258B444D1A0119172323780 /* AudioSplit.app */;
			productType = "com.apple.product-type.application";
		};
		580B5EAE0791E9FD57EDF31F /* AudioSplitRemote */ = {
			isa = PBXNativeTarget;
			buildConfigurationList = 1D70FE60127A3CE8AA430BC3 /* Build configuration list for PBXNativeTarget "AudioSplitRemote" */;
			buildPhases = (
				C8C6A50A0183FDCAABD94D9A /* Sources */,
				7C19EAAFB2593CC7428FADC4 /* Frameworks */,
				B40E677B4E48C3002ED09F77 /* Resources */,
			);
			buildRules = (
			);
			dependencies = (
			);
			name = AudioSplitRemote;
			packageProductDependencies = (
				7FA224943733D4BDC02AFD06 /* AudioSplitShared */,
			);
			productName = AudioSplitRemote;
			productReference = 719BA3434CDDC875C80CACA0 /* AudioSplitRemote.app */;
			productType = "com.apple.product-type.application";
		};
/* End PBXNativeTarget section */

/* Begin PBXProject section */
		244210E48437B6556980A702 /* Project object */ = {
			isa = PBXProject;
			attributes = {
				BuildIndependentTargetsInParallel = 1;
				LastSwiftUpdateCheck = 1600;
				LastUpgradeCheck = 1600;
			};
			buildConfigurationList = A15C1660503C9D18B9702A73 /* Build configuration list for PBXProject "AudioSplit" */;
			developmentRegion = en;
			hasScannedForEncodings = 0;
			knownRegions = (
				en,
				Base,
			);
			mainGroup = 748B651F9CC61D1D6BD106B4;
			packageReferences = (
				D9585EAD61A1E83CB7F3B6EB /* XCLocalSwiftPackageReference "." */,
			);
			productRefGroup = 1190A5D32F01D0D71382B7C3 /* Products */;
			projectDirPath = "";
			projectRoot = "";
			targets = (
				796431F2D32768B47E2BECB6 /* AudioSplit */,
				580B5EAE0791E9FD57EDF31F /* AudioSplitRemote */,
			);
		};
/* End PBXProject section */

/* Begin PBXResourcesBuildPhase section */
/* End PBXResourcesBuildPhase section */

/* Begin PBXSourcesBuildPhase section */
		135AAE071380C90BB4FB7242 /* Sources */ = {
			isa = PBXSourcesBuildPhase;
			buildActionMask = 2147483647;
			files = (
				C802D52D8EA5A84DBF3AE79F /* App.swift in Sources */,
				97948CF7D77A7DC07ACE1492 /* AppModel.swift in Sources */,
				CAEE737DAF1A13861BD61168 /* Diagnostics.swift in Sources */,
				5E295999FD756144778551F3 /* HotKey.swift in Sources */,
				18A1C989068A3A52F24517D7 /* SingleInstance.swift in Sources */,
				DC91F14437424DE5FE635466 /* ActivityView.swift in Sources */,
				70FE066782C99181709A72CD /* AppPickerView.swift in Sources */,
				A0C847DA118095C5CEC5ABFA /* DevicesView.swift in Sources */,
				BF35D7020BBA15439D785E46 /* InputPickerView.swift in Sources */,
				42359FE7AD67540C65FE1F7C /* MainWindowView.swift in Sources */,
				1AF783991E740015CC6335EB /* MenuBarView.swift in Sources */,
				0C701963AF3FBE8D7E4C9CAC /* RemoteView.swift in Sources */,
				CEF6651C630F25C48660C7B7 /* RouteEditorView.swift in Sources */,
				36BCD0E76DB9A6F4DBA0252C /* RoutesView.swift in Sources */,
			);
			runOnlyForDeploymentPostprocessing = 0;
		};
		BF9CCA977AAACD802E390EFA /* Frameworks */ = {
			isa = PBXFrameworksBuildPhase;
			buildActionMask = 2147483647;
			files = (
				06A686D82BFC4FF476786C7D /* AudioSplitEngine in Frameworks */,
			);
			runOnlyForDeploymentPostprocessing = 0;
		};
		0144757AB3AD63488C329832 /* Resources */ = {
			isa = PBXResourcesBuildPhase;
			buildActionMask = 2147483647;
			files = (
				896D7E2FB40CAE65D0CBB8DE /* AppIcon.icns in Resources */,
			);
			runOnlyForDeploymentPostprocessing = 0;
		};
		C8C6A50A0183FDCAABD94D9A /* Sources */ = {
			isa = PBXSourcesBuildPhase;
			buildActionMask = 2147483647;
			files = (
				F1C20381130C163A4297A73A /* RemoteApp.swift in Sources */,
				287F72FB80FD0DEE5CDB3945 /* RemoteDevicesView.swift in Sources */,
				BC5310EF5C061CB0015D18E3 /* RemoteModel.swift in Sources */,
				E3620319E0FFE4CEDAC667B3 /* RemoteRootView.swift in Sources */,
				C7FD0425A4C4D1235FA8D76F /* RemoteRoutesView.swift in Sources */,
			);
			runOnlyForDeploymentPostprocessing = 0;
		};
		7C19EAAFB2593CC7428FADC4 /* Frameworks */ = {
			isa = PBXFrameworksBuildPhase;
			buildActionMask = 2147483647;
			files = (
				C71E5F16631000B605E68099 /* AudioSplitShared in Frameworks */,
			);
			runOnlyForDeploymentPostprocessing = 0;
		};
		B40E677B4E48C3002ED09F77 /* Resources */ = {
			isa = PBXResourcesBuildPhase;
			buildActionMask = 2147483647;
			files = (

			);
			runOnlyForDeploymentPostprocessing = 0;
		};
/* End PBXSourcesBuildPhase section */

/* Begin XCBuildConfiguration section */
		1718AAF4E5CB68E01B8646DA /* Debug */ = {
			isa = XCBuildConfiguration;
			buildSettings = {
				ALWAYS_SEARCH_USER_PATHS = NO;
				CLANG_ENABLE_MODULES = YES;
				CLANG_ENABLE_OBJC_ARC = YES;
				GCC_NO_COMMON_BLOCKS = YES;
				SWIFT_STRICT_CONCURRENCY = complete;
				DEBUG_INFORMATION_FORMAT = dwarf;
				ENABLE_TESTABILITY = YES;
				GCC_OPTIMIZATION_LEVEL = 0;
				ONLY_ACTIVE_ARCH = YES;
				SWIFT_ACTIVE_COMPILATION_CONDITIONS = "DEBUG $(inherited)";
				SWIFT_OPTIMIZATION_LEVEL = "-Onone";
			};
			name = Debug;
		};
		33463152ED1CFFD4190C6F38 /* Release */ = {
			isa = XCBuildConfiguration;
			buildSettings = {
				ALWAYS_SEARCH_USER_PATHS = NO;
				CLANG_ENABLE_MODULES = YES;
				CLANG_ENABLE_OBJC_ARC = YES;
				GCC_NO_COMMON_BLOCKS = YES;
				SWIFT_STRICT_CONCURRENCY = complete;
				DEBUG_INFORMATION_FORMAT = "dwarf-with-dsym";
				SWIFT_COMPILATION_MODE = wholemodule;
			};
			name = Release;
		};
		1D9F7C7DE18130CA40570CDF /* Debug */ = {
			isa = XCBuildConfiguration;
			buildSettings = {
				CODE_SIGN_STYLE = Automatic;
				CURRENT_PROJECT_VERSION = 1;
				ENABLE_HARDENED_RUNTIME = YES;
				GENERATE_INFOPLIST_FILE = NO;
				INFOPLIST_FILE = "Sources/AudioSplitApp/Info.plist";
				MARKETING_VERSION = 1.0;
				PRODUCT_BUNDLE_IDENTIFIER = com.audiosplit.AudioSplit;
				PRODUCT_NAME = AudioSplit;
				SDKROOT = macosx;
				SWIFT_EMIT_LOC_STRINGS = YES;
				SWIFT_VERSION = 6.0;
				MACOSX_DEPLOYMENT_TARGET = 14.4;
				SUPPORTED_PLATFORMS = macosx;
				LD_RUNPATH_SEARCH_PATHS = (
					"$(inherited)",
					"@executable_path/../Frameworks",
				);
			};
			name = Debug;
		};
		8C82ABE676E29B8D8867E025 /* Release */ = {
			isa = XCBuildConfiguration;
			buildSettings = {
				CODE_SIGN_STYLE = Automatic;
				CURRENT_PROJECT_VERSION = 1;
				ENABLE_HARDENED_RUNTIME = YES;
				GENERATE_INFOPLIST_FILE = NO;
				INFOPLIST_FILE = "Sources/AudioSplitApp/Info.plist";
				MARKETING_VERSION = 1.0;
				PRODUCT_BUNDLE_IDENTIFIER = com.audiosplit.AudioSplit;
				PRODUCT_NAME = AudioSplit;
				SDKROOT = macosx;
				SWIFT_EMIT_LOC_STRINGS = YES;
				SWIFT_VERSION = 6.0;
				MACOSX_DEPLOYMENT_TARGET = 14.4;
				SUPPORTED_PLATFORMS = macosx;
				LD_RUNPATH_SEARCH_PATHS = (
					"$(inherited)",
					"@executable_path/../Frameworks",
				);
			};
			name = Release;
		};
		618D5EB593DF609F3CBBFBFD /* Debug */ = {
			isa = XCBuildConfiguration;
			buildSettings = {
				CODE_SIGN_STYLE = Automatic;
				CURRENT_PROJECT_VERSION = 1;
				ENABLE_HARDENED_RUNTIME = YES;
				GENERATE_INFOPLIST_FILE = NO;
				INFOPLIST_FILE = "Sources/AudioSplitRemote/Info.plist";
				MARKETING_VERSION = 1.0;
				PRODUCT_BUNDLE_IDENTIFIER = com.audiosplit.AudioSplitRemote;
				PRODUCT_NAME = AudioSplitRemote;
				SDKROOT = iphoneos;
				SWIFT_EMIT_LOC_STRINGS = YES;
				SWIFT_VERSION = 6.0;
				IPHONEOS_DEPLOYMENT_TARGET = 17.0;
				SUPPORTED_PLATFORMS = "iphoneos iphonesimulator";
				TARGETED_DEVICE_FAMILY = "1,2";
				SUPPORTS_MACCATALYST = NO;
				LD_RUNPATH_SEARCH_PATHS = (
					"$(inherited)",
					"@executable_path/Frameworks",
				);
			};
			name = Debug;
		};
		CBC2A1C83990730DCAC72055 /* Release */ = {
			isa = XCBuildConfiguration;
			buildSettings = {
				CODE_SIGN_STYLE = Automatic;
				CURRENT_PROJECT_VERSION = 1;
				ENABLE_HARDENED_RUNTIME = YES;
				GENERATE_INFOPLIST_FILE = NO;
				INFOPLIST_FILE = "Sources/AudioSplitRemote/Info.plist";
				MARKETING_VERSION = 1.0;
				PRODUCT_BUNDLE_IDENTIFIER = com.audiosplit.AudioSplitRemote;
				PRODUCT_NAME = AudioSplitRemote;
				SDKROOT = iphoneos;
				SWIFT_EMIT_LOC_STRINGS = YES;
				SWIFT_VERSION = 6.0;
				IPHONEOS_DEPLOYMENT_TARGET = 17.0;
				SUPPORTED_PLATFORMS = "iphoneos iphonesimulator";
				TARGETED_DEVICE_FAMILY = "1,2";
				SUPPORTS_MACCATALYST = NO;
				LD_RUNPATH_SEARCH_PATHS = (
					"$(inherited)",
					"@executable_path/Frameworks",
				);
			};
			name = Release;
		};
/* End XCBuildConfiguration section */

/* Begin XCConfigurationList section */
		A15C1660503C9D18B9702A73 /* Build configuration list for PBXProject "AudioSplit" */ = {
			isa = XCConfigurationList;
			buildConfigurations = (
				1718AAF4E5CB68E01B8646DA /* Debug */,
				33463152ED1CFFD4190C6F38 /* Release */,
			);
			defaultConfigurationIsVisible = 0;
			defaultConfigurationName = Release;
		};
		331941B833229BBABBBADF48 /* Build configuration list for PBXNativeTarget "AudioSplit" */ = {
			isa = XCConfigurationList;
			buildConfigurations = (
				1D9F7C7DE18130CA40570CDF /* Debug */,
				8C82ABE676E29B8D8867E025 /* Release */,
			);
			defaultConfigurationIsVisible = 0;
			defaultConfigurationName = Release;
		};
		1D70FE60127A3CE8AA430BC3 /* Build configuration list for PBXNativeTarget "AudioSplitRemote" */ = {
			isa = XCConfigurationList;
			buildConfigurations = (
				618D5EB593DF609F3CBBFBFD /* Debug */,
				CBC2A1C83990730DCAC72055 /* Release */,
			);
			defaultConfigurationIsVisible = 0;
			defaultConfigurationName = Release;
		};
/* End XCConfigurationList section */

/* Begin XCLocalSwiftPackageReference section */
		D9585EAD61A1E83CB7F3B6EB /* XCLocalSwiftPackageReference "." */ = {
			isa = XCLocalSwiftPackageReference;
			relativePath = .;
		};
/* End XCLocalSwiftPackageReference section */

/* Begin XCSwiftPackageProductDependency section */
		0A68B296E55D87A3A50EE6C9 /* AudioSplitEngine */ = {
			isa = XCSwiftPackageProductDependency;
			productName = AudioSplitEngine;
		};
		7FA224943733D4BDC02AFD06 /* AudioSplitShared */ = {
			isa = XCSwiftPackageProductDependency;
			productName = AudioSplitShared;
		};
/* End XCSwiftPackageProductDependency section */
	};
	rootObject = 244210E48437B6556980A702 /* Project object */;
}
